
Microsoft Visual Studio Solution File, Format Version 12.00
Project("{FAE04EC0-301F-11D3-BF4B-00C04F79EFBC}") = "DecafCraft", "DecafCraft\DecafCraft.csproj", "{065D043C-1066-4CA6-BA3A-173D1D16C36B}"
EndProject
Global
	GlobalSection(SolutionConfigurationPlatforms) = preSolution
		Debug|Any CPU = Debug|Any CPU
		Release|Any CPU = Release|Any CPU
	EndGlobalSection
	GlobalSection(ProjectConfigurationPlatforms) = postSolution
		{065D043C-1066-4CA6-BA3A-173D1D16C36B}.Debug|Any CPU.ActiveCfg = Debug|Any CPU
		{065D043C-1066-4CA6-BA3A-173D1D16C36B}.Debug|Any CPU.Build.0 = Debug|Any CPU
		{065D043C-1066-4CA6-BA3A-173D1D16C36B}.Release|Any CPU.ActiveCfg = Release|Any CPU
		{065D043C-1066-4CA6-BA3A-173D1D16C36B}.Release|Any CPU.Build.0 = Release|Any CPU
	EndGlobalSection
EndGlobal
